
Microsoft Visual Studio Solution File, Format Version 9.00
# Visual Studio 2005
Project("{8BC9CEB8-8B4A-11D0-8D11-00A0C91BC942}") = "TriggerVFS", "TriggerVFS\TriggerVFS(2005).vcproj", "{0A767269-9F25-4A7B-9479-C82B61D9C209}"
EndProject
Global
	GlobalSection(SolutionConfigurationPlatforms) = preSolution
		Debug|Win32 = Debug|Win32
		Release|Win32 = Release|Win32
	EndGlobalSection
	GlobalSection(ProjectConfigurationPlatforms) = postSolution
		{0A767269-9F25-4A7B-9479-C82B61D9C209}.Debug|Win32.ActiveCfg = Debug|Win32
		{0A767269-9F25-4A7B-9479-C82B61D9C209}.Debug|Win32.Build.0 = Debug|Win32
		{0A767269-9F25-4A7B-9479-C82B61D9C209}.Release|Win32.ActiveCfg = Release|Win32
		{0A767269-9F25-4A7B-9479-C82B61D9C209}.Release|Win32.Build.0 = Release|Win32
	EndGlobalSection
	GlobalSection(SolutionProperties) = preSolution
		HideSolutionNode = FALSE
	EndGlobalSection
EndGlobal
